
Microsoft Visual Studio Solution File, Format Version 12.00
# Visual Studio 15
VisualStudioVersion = 15.0.28307.572
MinimumVisualStudioVersion = 10.0.40219.1
Project("{FAE04EC0-301F-11D3-BF4B-00C04F79EFBC}") = "UltimatePresentation", "UltimatePresentation\UltimatePresentation.csproj", "{1FBBA7C6-6521-4336-A46A-F647ECBA5D76}"
EndProject
Project("{FAE04EC0-301F-11D3-BF4B-00C04F79EFBC}") = "UltimateCore", "UltimateCore\UltimateCore.csproj", "{66BBB21D-AA56-4783-9A36-2A8554B661FC}"
EndProject
Project("{FAE04EC0-301F-11D3-BF4B-00C04F79EFBC}") = "SuperPlayer", "SuperPlayer\SuperPlayer.csproj", "{95384ACE-6B8A-4D60-B27C-D16FD7D5B0AB}"
EndProject
Project("{FAE04EC0-301F-11D3-BF4B-00C04F79EFBC}") = "SuperPlayer.Core", "SuperPlayer.Core\SuperPlayer.Core.csproj", "{4FA9D15A-342D-480E-A23F-A1402FDDF650}"
EndProject
Project("{FAE04EC0-301F-11D3-BF4B-00C04F79EFBC}") = "SuperPlayer.Core.Service", "SuperPlayer.Core.Service\SuperPlayer.Core.Service.csproj", "{935298B6-AA24-43A5-9426-7F8F50235F21}"
EndProject
Project("{FAE04EC0-301F-11D3-BF4B-00C04F79EFBC}") = "SuperPlayer.Core.Utilities", "SuperPlayer.Core.Utilities\SuperPlayer.Core.Utilities.csproj", "{30C37144-11BC-4E83-84B2-4EAF07CA20D2}"
EndProject
Project("{2150E333-8FDC-42A3-9474-1A3956D46DE8}") = "_Doc", "_Doc", "{D7B8B105-3702-4B7B-B885-8F78F4C76A6E}"
	ProjectSection(SolutionItems) = preProject
		VlcCmd.txt = VlcCmd.txt
	EndProjectSection
EndProject
Project("{FAE04EC0-301F-11D3-BF4B-00C04F79EFBC}") = "SuperPlayer.Business", "SuperPlayer.Business\SuperPlayer.Business.csproj", "{97E1ED79-098A-4749-B1AF-EA4F11F96716}"
EndProject
Project("{FAE04EC0-301F-11D3-BF4B-00C04F79EFBC}") = "SuperPlayer.Models", "SuperPlayer.Models\SuperPlayer.Models.csproj", "{FF3BB0D4-576A-44EC-A857-D08418696137}"
EndProject
Project("{FAE04EC0-301F-11D3-BF4B-00C04F79EFBC}") = "SuperApp.EntityFramework", "SuperApp.EntityFramework\SuperApp.EntityFramework.csproj", "{A23C3E52-8CBE-4C40-83B1-AD66B1F09E60}"
EndProject
Project("{FAE04EC0-301F-11D3-BF4B-00C04F79EFBC}") = "SuperApp.DBAdapter", "SuperApp.DBAdapter\SuperApp.DBAdapter.csproj", "{6A3E2CC6-27AF-45E2-80F0-4074BF544916}"
EndProject
Project("{FAE04EC0-301F-11D3-BF4B-00C04F79EFBC}") = "SuperApp.DBAdapter.SQLite", "SuperApp.DBAdapter.SQLite\SuperApp.DBAdapter.SQLite.csproj", "{C0CC4EF1-1C8F-4BC8-8E8D-0870703BEBAC}"
EndProject
Project("{FAE04EC0-301F-11D3-BF4B-00C04F79EFBC}") = "SuperApp.Shell.Controls", "SuperApp.Shell.Controls\SuperApp.Shell.Controls.csproj", "{648F43D6-68E0-4620-81C4-5BAB75B0DF77}"
EndProject
Global
	GlobalSection(SolutionConfigurationPlatforms) = preSolution
		Debug|Any CPU = Debug|Any CPU
		Debug|x64 = Debug|x64
		Debug|x86 = Debug|x86
		Release|Any CPU = Release|Any CPU
		Release|x64 = Release|x64
		Release|x86 = Release|x86
	EndGlobalSection
	GlobalSection(ProjectConfigurationPlatforms) = postSolution
		{1FBBA7C6-6521-4336-A46A-F647ECBA5D76}.Debug|Any CPU.ActiveCfg = Debug|Any CPU
		{1FBBA7C6-6521-4336-A46A-F647ECBA5D76}.Debug|Any CPU.Build.0 = Debug|Any CPU
		{1FBBA7C6-6521-4336-A46A-F647ECBA5D76}.Debug|x64.ActiveCfg = Debug|Any CPU
		{1FBBA7C6-6521-4336-A46A-F647ECBA5D76}.Debug|x64.Build.0 = Debug|Any CPU
		{1FBBA7C6-6521-4336-A46A-F647ECBA5D76}.Debug|x86.ActiveCfg = Debug|x86
		{1FBBA7C6-6521-4336-A46A-F647ECBA5D76}.Debug|x86.Build.0 = Debug|x86
		{1FBBA7C6-6521-4336-A46A-F647ECBA5D76}.Release|Any CPU.ActiveCfg = Release|Any CPU
		{1FBBA7C6-6521-4336-A46A-F647ECBA5D76}.Release|Any CPU.Build.0 = Release|Any CPU
		{1FBBA7C6-6521-4336-A46A-F647ECBA5D76}.Release|x64.ActiveCfg = Release|Any CPU
		{1FBBA7C6-6521-4336-A46A-F647ECBA5D76}.Release|x64.Build.0 = Release|Any CPU
		{1FBBA7C6-6521-4336-A46A-F647ECBA5D76}.Release|x86.ActiveCfg = Release|x86
		{1FBBA7C6-6521-4336-A46A-F647ECBA5D76}.Release|x86.Build.0 = Release|x86
		{66BBB21D-AA56-4783-9A36-2A8554B661FC}.Debug|Any CPU.ActiveCfg = Debug|Any CPU
		{66BBB21D-AA56-4783-9A36-2A8554B661FC}.Debug|Any CPU.Build.0 = Debug|Any CPU
		{66BBB21D-AA56-4783-9A36-2A8554B661FC}.Debug|x64.ActiveCfg = Debug|Any CPU
		{66BBB21D-AA56-4783-9A36-2A8554B661FC}.Debug|x64.Build.0 = Debug|Any CPU
		{66BBB21D-AA56-4783-9A36-2A8554B661FC}.Debug|x86.ActiveCfg = Debug|x86
		{66BBB21D-AA56-4783-9A36-2A8554B661FC}.Debug|x86.Build.0 = Debug|x86
		{66BBB21D-AA56-4783-9A36-2A8554B661FC}.Release|Any CPU.ActiveCfg = Release|Any CPU
		{66BBB21D-AA56-4783-9A36-2A8554B661FC}.Release|Any CPU.Build.0 = Release|Any CPU
		{66BBB21D-AA56-4783-9A36-2A8554B661FC}.Release|x64.ActiveCfg = Release|Any CPU
		{66BBB21D-AA56-4783-9A36-2A8554B661FC}.Release|x64.Build.0 = Release|Any CPU
		{66BBB21D-AA56-4783-9A36-2A8554B661FC}.Release|x86.ActiveCfg = Release|x86
		{66BBB21D-AA56-4783-9A36-2A8554B661FC}.Release|x86.Build.0 = Release|x86
		{95384ACE-6B8A-4D60-B27C-D16FD7D5B0AB}.Debug|Any CPU.ActiveCfg = Debug|Any CPU
		{95384ACE-6B8A-4D60-B27C-D16FD7D5B0AB}.Debug|Any CPU.Build.0 = Debug|Any CPU
		{95384ACE-6B8A-4D60-B27C-D16FD7D5B0AB}.Debug|x64.ActiveCfg = Debug|Any CPU
		{95384ACE-6B8A-4D60-B27C-D16FD7D5B0AB}.Debug|x64.Build.0 = Debug|Any CPU
		{95384ACE-6B8A-4D60-B27C-D16FD7D5B0AB}.Debug|x86.ActiveCfg = Debug|x86
		{95384ACE-6B8A-4D60-B27C-D16FD7D5B0AB}.Debug|x86.Build.0 = Debug|x86
		{95384ACE-6B8A-4D60-B27C-D16FD7D5B0AB}.Release|Any CPU.ActiveCfg = Release|Any CPU
		{95384ACE-6B8A-4D60-B27C-D16FD7D5B0AB}.Release|Any CPU.Build.0 = Release|Any CPU
		{95384ACE-6B8A-4D60-B27C-D16FD7D5B0AB}.Release|x64.ActiveCfg = Release|Any CPU
		{95384ACE-6B8A-4D60-B27C-D16FD7D5B0AB}.Release|x64.Build.0 = Release|Any CPU
		{95384ACE-6B8A-4D60-B27C-D16FD7D5B0AB}.Release|x86.ActiveCfg = Release|x86
		{95384ACE-6B8A-4D60-B27C-D16FD7D5B0AB}.Release|x86.Build.0 = Release|x86
		{4FA9D15A-342D-480E-A23F-A1402FDDF650}.Debug|Any CPU.ActiveCfg = Debug|Any CPU
		{4FA9D15A-342D-480E-A23F-A1402FDDF650}.Debug|Any CPU.Build.0 = Debug|Any CPU
		{4FA9D15A-342D-480E-A23F-A1402FDDF650}.Debug|x64.ActiveCfg = Debug|Any CPU
		{4FA9D15A-342D-480E-A23F-A1402FDDF650}.Debug|x64.Build.0 = Debug|Any CPU
		{4FA9D15A-342D-480E-A23F-A1402FDDF650}.Debug|x86.ActiveCfg = Debug|x86
		{4FA9D15A-342D-480E-A23F-A1402FDDF650}.Debug|x86.Build.0 = Debug|x86
		{4FA9D15A-342D-480E-A23F-A1402FDDF650}.Release|Any CPU.ActiveCfg = Release|Any CPU
		{4FA9D15A-342D-480E-A23F-A1402FDDF650}.Release|Any CPU.Build.0 = Release|Any CPU
		{4FA9D15A-342D-480E-A23F-A1402FDDF650}.Release|x64.ActiveCfg = Release|Any CPU
		{4FA9D15A-342D-480E-A23F-A1402FDDF650}.Release|x64.Build.0 = Release|Any CPU
		{4FA9D15A-342D-480E-A23F-A1402FDDF650}.Release|x86.ActiveCfg = Release|x86
		{4FA9D15A-342D-480E-A23F-A1402FDDF650}.Release|x86.Build.0 = Release|x86
		{935298B6-AA24-43A5-9426-7F8F50235F21}.Debug|Any CPU.ActiveCfg = Debug|Any CPU
		{935298B6-AA24-43A5-9426-7F8F50235F21}.Debug|Any CPU.Build.0 = Debug|Any CPU
		{935298B6-AA24-43A5-9426-7F8F50235F21}.Debug|x64.ActiveCfg = Debug|Any CPU
		{935298B6-AA24-43A5-9426-7F8F50235F21}.Debug|x64.Build.0 = Debug|Any CPU
		{935298B6-AA24-43A5-9426-7F8F50235F21}.Debug|x86.ActiveCfg = Debug|x86
		{935298B6-AA24-43A5-9426-7F8F50235F21}.Debug|x86.Build.0 = Debug|x86
		{935298B6-AA24-43A5-9426-7F8F50235F21}.Release|Any CPU.ActiveCfg = Release|Any CPU
		{935298B6-AA24-43A5-9426-7F8F50235F21}.Release|Any CPU.Build.0 = Release|Any CPU
		{935298B6-AA24-43A5-9426-7F8F50235F21}.Release|x64.ActiveCfg = Release|Any CPU
		{935298B6-AA24-43A5-9426-7F8F50235F21}.Release|x64.Build.0 = Release|Any CPU
		{935298B6-AA24-43A5-9426-7F8F50235F21}.Release|x86.ActiveCfg = Release|x86
		{935298B6-AA24-43A5-9426-7F8F50235F21}.Release|x86.Build.0 = Release|x86
		{30C37144-11BC-4E83-84B2-4EAF07CA20D2}.Debug|Any CPU.ActiveCfg = Debug|Any CPU
		{30C37144-11BC-4E83-84B2-4EAF07CA20D2}.Debug|Any CPU.Build.0 = Debug|Any CPU
		{30C37144-11BC-4E83-84B2-4EAF07CA20D2}.Debug|x64.ActiveCfg = Debug|Any CPU
		{30C37144-11BC-4E83-84B2-4EAF07CA20D2}.Debug|x64.Build.0 = Debug|Any CPU
		{30C37144-11BC-4E83-84B2-4EAF07CA20D2}.Debug|x86.ActiveCfg = Debug|x86
		{30C37144-11BC-4E83-84B2-4EAF07CA20D2}.Debug|x86.Build.0 = Debug|x86
		{30C37144-11BC-4E83-84B2-4EAF07CA20D2}.Release|Any CPU.ActiveCfg = Release|Any CPU
		{30C37144-11BC-4E83-84B2-4EAF07CA20D2}.Release|Any CPU.Build.0 = Release|Any CPU
		{30C37144-11BC-4E83-84B2-4EAF07CA20D2}.Release|x64.ActiveCfg = Release|Any CPU
		{30C37144-11BC-4E83-84B2-4EAF07CA20D2}.Release|x64.Build.0 = Release|Any CPU
		{30C37144-11BC-4E83-84B2-4EAF07CA20D2}.Release|x86.ActiveCfg = Release|x86
		{30C37144-11BC-4E83-84B2-4EAF07CA20D2}.Release|x86.Build.0 = Release|x86
		{97E1ED79-098A-4749-B1AF-EA4F11F96716}.Debug|Any CPU.ActiveCfg = Debug|Any CPU
		{97E1ED79-098A-4749-B1AF-EA4F11F96716}.Debug|Any CPU.Build.0 = Debug|Any CPU
		{97E1ED79-098A-4749-B1AF-EA4F11F96716}.Debug|x64.ActiveCfg = Debug|Any CPU
		{97E1ED79-098A-4749-B1AF-EA4F11F96716}.Debug|x64.Build.0 = Debug|Any CPU
		{97E1ED79-098A-4749-B1AF-EA4F11F96716}.Debug|x86.ActiveCfg = Debug|x86
		{97E1ED79-098A-4749-B1AF-EA4F11F96716}.Debug|x86.Build.0 = Debug|x86
		{97E1ED79-098A-4749-B1AF-EA4F11F96716}.Release|Any CPU.ActiveCfg = Release|Any CPU
		{97E1ED79-098A-4749-B1AF-EA4F11F96716}.Release|Any CPU.Build.0 = Release|Any CPU
		{97E1ED79-098A-4749-B1AF-EA4F11F96716}.Release|x64.ActiveCfg = Release|Any CPU
		{97E1ED79-098A-4749-B1AF-EA4F11F96716}.Release|x64.Build.0 = Release|Any CPU
		{97E1ED79-098A-4749-B1AF-EA4F11F96716}.Release|x86.ActiveCfg = Release|Any CPU
		{97E1ED79-098A-4749-B1AF-EA4F11F96716}.Release|x86.Build.0 = Release|Any CPU
		{FF3BB0D4-576A-44EC-A857-D08418696137}.Debug|Any CPU.ActiveCfg = Debug|Any CPU
		{FF3BB0D4-576A-44EC-A857-D08418696137}.Debug|Any CPU.Build.0 = Debug|Any CPU
		{FF3BB0D4-576A-44EC-A857-D08418696137}.Debug|x64.ActiveCfg = Debug|Any CPU
		{FF3BB0D4-576A-44EC-A857-D08418696137}.Debug|x64.Build.0 = Debug|Any CPU
		{FF3BB0D4-576A-44EC-A857-D08418696137}.Debug|x86.ActiveCfg = Debug|x86
		{FF3BB0D4-576A-44EC-A857-D08418696137}.Debug|x86.Build.0 = Debug|x86
		{FF3BB0D4-576A-44EC-A857-D08418696137}.Release|Any CPU.ActiveCfg = Release|Any CPU
		{FF3BB0D4-576A-44EC-A857-D08418696137}.Release|Any CPU.Build.0 = Release|Any CPU
		{FF3BB0D4-576A-44EC-A857-D08418696137}.Release|x64.ActiveCfg = Release|Any CPU
		{FF3BB0D4-576A-44EC-A857-D08418696137}.Release|x64.Build.0 = Release|Any CPU
		{FF3BB0D4-576A-44EC-A857-D08418696137}.Release|x86.ActiveCfg = Release|Any CPU
		{FF3BB0D4-576A-44EC-A857-D08418696137}.Release|x86.Build.0 = Release|Any CPU
		{A23C3E52-8CBE-4C40-83B1-AD66B1F09E60}.Debug|Any CPU.ActiveCfg = Debug|Any CPU
		{A23C3E52-8CBE-4C40-83B1-AD66B1F09E60}.Debug|Any CPU.Build.0 = Debug|Any CPU
		{A23C3E52-8CBE-4C40-83B1-AD66B1F09E60}.Debug|x64.ActiveCfg = Debug|Any CPU
		{A23C3E52-8CBE-4C40-83B1-AD66B1F09E60}.Debug|x64.Build.0 = Debug|Any CPU
		{A23C3E52-8CBE-4C40-83B1-AD66B1F09E60}.Debug|x86.ActiveCfg = Debug|x86
		{A23C3E52-8CBE-4C40-83B1-AD66B1F09E60}.Debug|x86.Build.0 = Debug|x86
		{A23C3E52-8CBE-4C40-83B1-AD66B1F09E60}.Release|Any CPU.ActiveCfg = Release|Any CPU
		{A23C3E52-8CBE-4C40-83B1-AD66B1F09E60}.Release|Any CPU.Build.0 = Release|Any CPU
		{A23C3E52-8CBE-4C40-83B1-AD66B1F09E60}.Release|x64.ActiveCfg = Release|Any CPU
		{A23C3E52-8CBE-4C40-83B1-AD66B1F09E60}.Release|x64.Build.0 = Release|Any CPU
		{A23C3E52-8CBE-4C40-83B1-AD66B1F09E60}.Release|x86.ActiveCfg = Release|Any CPU
		{A23C3E52-8CBE-4C40-83B1-AD66B1F09E60}.Release|x86.Build.0 = Release|Any CPU
		{6A3E2CC6-27AF-45E2-80F0-4074BF544916}.Debug|Any CPU.ActiveCfg = Debug|Any CPU
		{6A3E2CC6-27AF-45E2-80F0-4074BF544916}.Debug|Any CPU.Build.0 = Debug|Any CPU
		{6A3E2CC6-27AF-45E2-80F0-4074BF544916}.Debug|x64.ActiveCfg = Debug|Any CPU
		{6A3E2CC6-27AF-45E2-80F0-4074BF544916}.Debug|x64.Build.0 = Debug|Any CPU
		{6A3E2CC6-27AF-45E2-80F0-4074BF544916}.Debug|x86.ActiveCfg = Debug|x86
		{6A3E2CC6-27AF-45E2-80F0-4074BF544916}.Debug|x86.Build.0 = Debug|x86
		{6A3E2CC6-27AF-45E2-80F0-4074BF544916}.Release|Any CPU.ActiveCfg = Release|Any CPU
		{6A3E2CC6-27AF-45E2-80F0-4074BF544916}.Release|Any CPU.Build.0 = Release|Any CPU
		{6A3E2CC6-27AF-45E2-80F0-4074BF544916}.Release|x64.ActiveCfg = Release|Any CPU
		{6A3E2CC6-27AF-45E2-80F0-4074BF544916}.Release|x64.Build.0 = Release|Any CPU
		{6A3E2CC6-27AF-45E2-80F0-4074BF544916}.Release|x86.ActiveCfg = Release|Any CPU
		{6A3E2CC6-27AF-45E2-80F0-4074BF544916}.Release|x86.Build.0 = Release|Any CPU
		{C0CC4EF1-1C8F-4BC8-8E8D-0870703BEBAC}.Debug|Any CPU.ActiveCfg = Debug|Any CPU
		{C0CC4EF1-1C8F-4BC8-8E8D-0870703BEBAC}.Debug|Any CPU.Build.0 = Debug|Any CPU
		{C0CC4EF1-1C8F-4BC8-8E8D-0870703BEBAC}.Debug|x64.ActiveCfg = Debug|Any CPU
		{C0CC4EF1-1C8F-4BC8-8E8D-0870703BEBAC}.Debug|x64.Build.0 = Debug|Any CPU
		{C0CC4EF1-1C8F-4BC8-8E8D-0870703BEBAC}.Debug|x86.ActiveCfg = Debug|x86
		{C0CC4EF1-1C8F-4BC8-8E8D-0870703BEBAC}.Debug|x86.Build.0 = Debug|x86
		{C0CC4EF1-1C8F-4BC8-8E8D-0870703BEBAC}.Release|Any CPU.ActiveCfg = Release|Any CPU
		{C0CC4EF1-1C8F-4BC8-8E8D-0870703BEBAC}.Release|Any CPU.Build.0 = Release|Any CPU
		{C0CC4EF1-1C8F-4BC8-8E8D-0870703BEBAC}.Release|x64.ActiveCfg = Release|Any CPU
		{C0CC4EF1-1C8F-4BC8-8E8D-0870703BEBAC}.Release|x64.Build.0 = Release|Any CPU
		{C0CC4EF1-1C8F-4BC8-8E8D-0870703BEBAC}.Release|x86.ActiveCfg = Release|Any CPU
		{C0CC4EF1-1C8F-4BC8-8E8D-0870703BEBAC}.Release|x86.Build.0 = Release|Any CPU
		{648F43D6-68E0-4620-81C4-5BAB75B0DF77}.Debug|Any CPU.ActiveCfg = Debug|Any CPU
		{648F43D6-68E0-4620-81C4-5BAB75B0DF77}.Debug|Any CPU.Build.0 = Debug|Any CPU
		{648F43D6-68E0-4620-81C4-5BAB75B0DF77}.Debug|x64.ActiveCfg = Debug|Any CPU
		{648F43D6-68E0-4620-81C4-5BAB75B0DF77}.Debug|x64.Build.0 = Debug|Any CPU
		{648F43D6-68E0-4620-81C4-5BAB75B0DF77}.Debug|x86.ActiveCfg = Debug|x86
		{648F43D6-68E0-4620-81C4-5BAB75B0DF77}.Debug|x86.Build.0 = Debug|x86
		{648F43D6-68E0-4620-81C4-5BAB75B0DF77}.Release|Any CPU.ActiveCfg = Release|Any CPU
		{648F43D6-68E0-4620-81C4-5BAB75B0DF77}.Release|Any CPU.Build.0 = Release|Any CPU
		{648F43D6-68E0-4620-81C4-5BAB75B0DF77}.Release|x64.ActiveCfg = Release|Any CPU
		{648F43D6-68E0-4620-81C4-5BAB75B0DF77}.Release|x64.Build.0 = Release|Any CPU
		{648F43D6-68E0-4620-81C4-5BAB75B0DF77}.Release|x86.ActiveCfg = Release|Any CPU
		{648F43D6-68E0-4620-81C4-5BAB75B0DF77}.Release|x86.Build.0 = Release|Any CPU
	EndGlobalSection
	GlobalSection(SolutionProperties) = preSolution
		HideSolutionNode = FALSE
	EndGlobalSection
	GlobalSection(ExtensibilityGlobals) = postSolution
		SolutionGuid = {4218CCA1-4B73-4732-80FD-7DF8A8661C03}
	EndGlobalSection
EndGlobal
